
Microsoft Visual Studio Solution File, Format Version 12.00
# Visual Studio Version 17
VisualStudioVersion = 17.6.33723.286
MinimumVisualStudioVersion = 10.0.40219.1
Project("{9A19103F-16F7-4668-BE54-9A1E7A4F7556}") = "XPathXQuery", "XPathXQuery\XPathXQuery.csproj", "{184DFBA5-7010-433D-8DD2-7DF050C162A8}"
EndProject
Project("{2150E333-8FDC-42A3-9474-1A3956D46DE8}") = "Solution Items", "Solution Items", "{CBA867D3-70F6-457C-B75A-11BAAD032BB5}"
	ProjectSection(SolutionItems) = preProject
		.editorconfig = .editorconfig
	EndProjectSection
EndProject
Global
	GlobalSection(SolutionConfigurationPlatforms) = preSolution
		Debug|Any CPU = Debug|Any CPU
		Release|Any CPU = Release|Any CPU
	EndGlobalSection
	GlobalSection(ProjectConfigurationPlatforms) = postSolution
		{184DFBA5-7010-433D-8DD2-7DF050C162A8}.Debug|Any CPU.ActiveCfg = Debug|Any CPU
		{184DFBA5-7010-433D-8DD2-7DF050C162A8}.Debug|Any CPU.Build.0 = Debug|Any CPU
		{184DFBA5-7010-433D-8DD2-7DF050C162A8}.Release|Any CPU.ActiveCfg = Release|Any CPU
		{184DFBA5-7010-433D-8DD2-7DF050C162A8}.Release|Any CPU.Build.0 = Release|Any CPU
	EndGlobalSection
	GlobalSection(SolutionProperties) = preSolution
		HideSolutionNode = FALSE
	EndGlobalSection
	GlobalSection(ExtensibilityGlobals) = postSolution
		SolutionGuid = {016D8434-92D4-4B82-A1F1-8F0D31318C31}
	EndGlobalSection
EndGlobal
